
Microsoft Visual Studio Solution File, Format Version 12.00
# Visual Studio Version 16
VisualStudioVersion = 16.0.32126.315
MinimumVisualStudioVersion = 10.0.40219.1
Project("{FAE04EC0-301F-11D3-BF4B-00C04F79EFBC}") = "JuanProject", "JuanProject\JuanProject.csproj", "{876878D8-B5F8-45F8-BD1D-1C32A6880A0E}"
EndProject
Global
	GlobalSection(SolutionConfigurationPlatforms) = preSolution
		Debug|Any CPU = Debug|Any CPU
		Release|Any CPU = Release|Any CPU
	EndGlobalSection
	GlobalSection(ProjectConfigurationPlatforms) = postSolution
		{876878D8-B5F8-45F8-BD1D-1C32A6880A0E}.Debug|Any CPU.ActiveCfg = Debug|Any CPU
		{876878D8-B5F8-45F8-BD1D-1C32A6880A0E}.Debug|Any CPU.Build.0 = Debug|Any CPU
		{876878D8-B5F8-45F8-BD1D-1C32A6880A0E}.Release|Any CPU.ActiveCfg = Release|Any CPU
		{876878D8-B5F8-45F8-BD1D-1C32A6880A0E}.Release|Any CPU.Build.0 = Release|Any CPU
	EndGlobalSection
	GlobalSection(SolutionProperties) = preSolution
		HideSolutionNode = FALSE
	EndGlobalSection
	GlobalSection(ExtensibilityGlobals) = postSolution
		SolutionGuid = {F7144173-58FD-4602-A34D-BE635E8429EE}
	EndGlobalSection
EndGlobal
